// !$*UTF8*$!
{
	archiveVersion = 1;
	classes = {
	};
	objectVersion = 54;
	objects = {

/* Begin PBXBuildFile section */
		00E356F31AD99517003FC87E /* NativeStartTests.m in Sources */ = {isa = PBXBuildFile; fileRef = 00E356F21AD99517003FC87E /* NativeStartTests.m */; };
		0C80B921A6F3F58F76C31292 /* libPods-NativeStart.a in Frameworks */ = {isa = PBXBuildFile; fileRef = 5DCACB8F33CDC322A6C60F78 /* libPods-NativeStart.a */; };
		13B07FBC1A68108700A75B9A /* AppDelegate.mm in Sources */ = {isa = PBXBuildFile; fileRef = 13B07FB01A68108700A75B9A /* AppDelegate.mm */; };
		13B07FBF1A68108700A75B9A /* Images.xcassets in Resources */ = {isa = PBXBuildFile; fileRef = 13B07FB51A68108700A75B9A /* Images.xcassets */; };
		13B07FC11A68108700A75B9A /* main.m in Sources */ = {isa = PBXBuildFile; fileRef = 13B07FB71A68108700A75B9A /* main.m */; };
		7699B88040F8A987B510C191 /* libPods-NativeStart-NativeStartTests.a in Frameworks */ = {isa = PBXBuildFile; fileRef = 19F6CBCC0A4E27FBF8BF4A61 /* libPods-NativeStart-NativeStartTests.a */; };
		81AB9BB82411601600AC10FF /* LaunchScreen.storyboard in Resources */ = {isa = PBXBuildFile; fileRef = 81AB9BB72411601600AC10FF /* LaunchScreen.storyboard */; };
		45EFF4D0FB6145AB950DEDD6 /* Montserrat-Italic-VariableFont_wght.ttf in Resources */ = {isa = PBXBuildFile; fileRef = 6B58293053254A5BAB9CDEB2 /* Montserrat-Italic-VariableFont_wght.ttf */; };
		10280B2EB7C94C6283FF36E0 /* Montserrat-VariableFont_wght.ttf in Resources */ = {isa = PBXBuildFile; fileRef = 9BAE27E3BC314C2EB3506E8A /* Montserrat-VariableFont_wght.ttf */; };
		712892D09D9F4C26BAD89D61 /* Montserrat-Black.ttf in Resources */ = {isa = PBXBuildFile; fileRef = 6FA490383A3C4617A6573630 /* Montserrat-Black.ttf */; };
		B4E03F02B6C34004B3F52065 /* Montserrat-BlackItalic.ttf in Resources */ = {isa = PBXBuildFile; fileRef = C23A7C0D5301450992E77B2C /* Montserrat-BlackItalic.ttf */; };
		9DF126A96DD946C18F81D990 /* Montserrat-Bold.ttf in Resources */ = {isa = PBXBuildFile; fileRef = 2600FB5D3B35457C928F2F4B /* Montserrat-Bold.ttf */; };
		3D10A09208AE4E3E91CE7A4D /* Montserrat-BoldItalic.ttf in Resources */ = {isa = PBXBuildFile; fileRef = EFD57FBFA3E84D26897EAABE /* Montserrat-BoldItalic.ttf */; };
		D29A797CB89C4FA7916FF4BA /* Montserrat-ExtraBold.ttf in Resources */ = {isa = PBXBuildFile; fileRef = EF72EF1843B349F799894DBC /* Montserrat-ExtraBold.ttf */; };
		E3182CF59238498B9DAA4303 /* Montserrat-ExtraBoldItalic.ttf in Resources */ = {isa = PBXBuildFile; fileRef = 0EB13A6402E84055AFD03EB6 /* Montserrat-ExtraBoldItalic.ttf */; };
		9BA8BE87388641FE9830487C /* Montserrat-ExtraLight.ttf in Resources */ = {isa = PBXBuildFile; fileRef = D7FEECCFBC2340C7829C4A76 /* Montserrat-ExtraLight.ttf */; };
		F605DBCB428540A78E55579E /* Montserrat-ExtraLightItalic.ttf in Resources */ = {isa = PBXBuildFile; fileRef = 03FF502BB5CC4B40A1A2810E /* Montserrat-ExtraLightItalic.ttf */; };
		87B2F5E77A9A40B9AEE82F5C /* Montserrat-Italic.ttf in Resources */ = {isa = PBXBuildFile; fileRef = B61DC4DDA93B4320B6241B3C /* Montserrat-Italic.ttf */; };
		617E1CB1D9C44C41AB9B8DF0 /* Montserrat-Light.ttf in Resources */ = {isa = PBXBuildFile; fileRef = 21A5C5BB87F148B78A5A41D9 /* Montserrat-Light.ttf */; };
		D0CF16C7E040457F8616B41D /* Montserrat-LightItalic.ttf in Resources */ = {isa = PBXBuildFile; fileRef = 7F98BC527D3343B8865D2732 /* Montserrat-LightItalic.ttf */; };
		5AF06479AAF24A6C89DEE7DD /* Montserrat-Medium.ttf in Resources */ = {isa = PBXBuildFile; fileRef = 8A29C30E0E5D49AA8B4E5386 /* Montserrat-Medium.ttf */; };
		85DBB45A9370483E9DAA9BD2 /* Montserrat-MediumItalic.ttf in Resources */ = {isa = PBXBuildFile; fileRef = D544B3FB31F94C738E0348CA /* Montserrat-MediumItalic.ttf */; };
		5C49AF8F65CE4446B240E41E /* Montserrat-Regular.ttf in Resources */ = {isa = PBXBuildFile; fileRef = 460C8DC7745B49E484734A01 /* Montserrat-Regular.ttf */; };
		38C74F2B9B104B65AC3168EA /* Montserrat-SemiBold.ttf in Resources */ = {isa = PBXBuildFile; fileRef = 9946B64C81874B99992B0CBA /* Montserrat-SemiBold.ttf */; };
		B42691AC35CE458D9A71947D /* Montserrat-SemiBoldItalic.ttf in Resources */ = {isa = PBXBuildFile; fileRef = BC8BC1D03F2C421696B1100D /* Montserrat-SemiBoldItalic.ttf */; };
		8215A1FC208D436B81682670 /* Montserrat-Thin.ttf in Resources */ = {isa = PBXBuildFile; fileRef = CE0E03A332204683A9AB9660 /* Montserrat-Thin.ttf */; };
		2E2C595F6BE543618D44B999 /* Montserrat-ThinItalic.ttf in Resources */ = {isa = PBXBuildFile; fileRef = F51139D39B3740889151B5AB /* Montserrat-ThinItalic.ttf */; };
		4411110221FB48CA9F0F9A61 /* Nunito-Italic-VariableFont_wght.ttf in Resources */ = {isa = PBXBuildFile; fileRef = 78474D5FDBFC4005A6E17E76 /* Nunito-Italic-VariableFont_wght.ttf */; };
		1D65CA924F5B4B9785B1B2CF /* Nunito-VariableFont_wght.ttf in Resources */ = {isa = PBXBuildFile; fileRef = 7A96A255559F4E05AC765A00 /* Nunito-VariableFont_wght.ttf */; };
		554FE9AEBDF047F1B66C8785 /* Nunito-Black.ttf in Resources */ = {isa = PBXBuildFile; fileRef = 8F822B51BD83475895A546C3 /* Nunito-Black.ttf */; };
		E9E5BFF9501C450C90880C94 /* Nunito-BlackItalic.ttf in Resources */ = {isa = PBXBuildFile; fileRef = D4D756B899754D5691F73A9B /* Nunito-BlackItalic.ttf */; };
		29461C3A38C94BC3800D569D /* Nunito-Bold.ttf in Resources */ = {isa = PBXBuildFile; fileRef = 7AB921F16430437092F6B50D /* Nunito-Bold.ttf */; };
		F5423FFC635B4AF4A662694A /* Nunito-BoldItalic.ttf in Resources */ = {isa = PBXBuildFile; fileRef = B577A727421A45038A16DF5F /* Nunito-BoldItalic.ttf */; };
		4350B3035F794320BC25F047 /* Nunito-ExtraBold.ttf in Resources */ = {isa = PBXBuildFile; fileRef = 319F1A2A7C94406AA9781135 /* Nunito-ExtraBold.ttf */; };
		C2E1ABF122AB4F689ABAA4F3 /* Nunito-ExtraBoldItalic.ttf in Resources */ = {isa = PBXBuildFile; fileRef = DDA2E47BEE1D4B30A490025A /* Nunito-ExtraBoldItalic.ttf */; };
		D5184C7641FB4A8F92E0B517 /* Nunito-ExtraLight.ttf in Resources */ = {isa = PBXBuildFile; fileRef = 48291D22B9CE4CD89B7AE2B6 /* Nunito-ExtraLight.ttf */; };
		4B3DDF3FD4CD42DFBD21B42F /* Nunito-ExtraLightItalic.ttf in Resources */ = {isa = PBXBuildFile; fileRef = 2ABA0818817B41C29409F7E9 /* Nunito-ExtraLightItalic.ttf */; };
		E0D8A494536B48018CF40431 /* Nunito-Italic.ttf in Resources */ = {isa = PBXBuildFile; fileRef = 909CCF91BF454AD099AB0570 /* Nunito-Italic.ttf */; };
		D889D6687B3E442D84F359AB /* Nunito-Light.ttf in Resources */ = {isa = PBXBuildFile; fileRef = 8521FDBEC7C046A397F71D53 /* Nunito-Light.ttf */; };
		310B94A949E44C12B00AF548 /* Nunito-LightItalic.ttf in Resources */ = {isa = PBXBuildFile; fileRef = 0DAA1C1A1C444267B9E8CBF2 /* Nunito-LightItalic.ttf */; };
		5913BE8C8E184FF4B519B07B /* Nunito-Medium.ttf in Resources */ = {isa = PBXBuildFile; fileRef = 2C042EF2DDF04363A496E314 /* Nunito-Medium.ttf */; };
		1EC60CADDC1B435F81260935 /* Nunito-MediumItalic.ttf in Resources */ = {isa = PBXBuildFile; fileRef = AA5FDEAC6E7E414C84E22A82 /* Nunito-MediumItalic.ttf */; };
		E83901DA6D9A44B8A3C10C1F /* Nunito-Regular.ttf in Resources */ = {isa = PBXBuildFile; fileRef = C38D78F1871E4F1C93D9B392 /* Nunito-Regular.ttf */; };
		C0A28DC355944AFEB4FCB1F8 /* Nunito-SemiBold.ttf in Resources */ = {isa = PBXBuildFile; fileRef = F9F550DC35B8432DB692EB30 /* Nunito-SemiBold.ttf */; };
		7A9776A8F70C496883EBB830 /* Nunito-SemiBoldItalic.ttf in Resources */ = {isa = PBXBuildFile; fileRef = B4CB5A5CEB834DAF97A609E8 /* Nunito-SemiBoldItalic.ttf */; };
		9B7EEA509EAA4DC882617E52 /* Roboto-Black.ttf in Resources */ = {isa = PBXBuildFile; fileRef = CBFB3D193D034408978148B1 /* Roboto-Black.ttf */; };
		279CEE4FDAFF4BAC9636E1A7 /* Roboto-BlackItalic.ttf in Resources */ = {isa = PBXBuildFile; fileRef = 9031092D67714E388DDF4A24 /* Roboto-BlackItalic.ttf */; };
		53AA4A5BC8B943448FA91ADC /* Roboto-Bold.ttf in Resources */ = {isa = PBXBuildFile; fileRef = C2F345E12EDC460DB1C444E3 /* Roboto-Bold.ttf */; };
		F4377A542C3843BFAB8E2DA0 /* Roboto-BoldItalic.ttf in Resources */ = {isa = PBXBuildFile; fileRef = 1307A12C0BDF4F309336E0F8 /* Roboto-BoldItalic.ttf */; };
		E0C6618AB27543F9ABD0EECD /* Roboto-Italic.ttf in Resources */ = {isa = PBXBuildFile; fileRef = 94E6078DC40B4BC7B0831836 /* Roboto-Italic.ttf */; };
		B192805ED8B6494FB6A55E0E /* Roboto-Light.ttf in Resources */ = {isa = PBXBuildFile; fileRef = 6B542FE854044EB1A1D6AAC7 /* Roboto-Light.ttf */; };
		C873DAF59CDC4CA1B1F8BF6D /* Roboto-LightItalic.ttf in Resources */ = {isa = PBXBuildFile; fileRef = 10BE5BABAFD6487F848F2F5A /* Roboto-LightItalic.ttf */; };
		6AC58F4FC98549A7BCA2CE25 /* Roboto-Medium.ttf in Resources */ = {isa = PBXBuildFile; fileRef = 99AE2927E5D34FF1B047DDA5 /* Roboto-Medium.ttf */; };
		9799C531EC1E4DE08DC0FDEA /* Roboto-MediumItalic.ttf in Resources */ = {isa = PBXBuildFile; fileRef = B39C1D8BEEB44BF1812F0DAC /* Roboto-MediumItalic.ttf */; };
		C98542B0615049EAB677988A /* Roboto-Regular.ttf in Resources */ = {isa = PBXBuildFile; fileRef = AC34D92A76CC4F2586086CA6 /* Roboto-Regular.ttf */; };
		7DED33EDBD924BC0B6403384 /* Roboto-Thin.ttf in Resources */ = {isa = PBXBuildFile; fileRef = E5F41810F43843BAB0EEDD6C /* Roboto-Thin.ttf */; };
		4A718757B1DE4F70B2B2BEC8 /* Roboto-ThinItalic.ttf in Resources */ = {isa = PBXBuildFile; fileRef = 1737EFB418CD4227B5B09825 /* Roboto-ThinItalic.ttf */; };
/* End PBXBuildFile section */

/* Begin PBXContainerItemProxy section */
		00E356F41AD99517003FC87E /* PBXContainerItemProxy */ = {
			isa = PBXContainerItemProxy;
			containerPortal = 83CBB9F71A601CBA00E9B192 /* Project object */;
			proxyType = 1;
			remoteGlobalIDString = 13B07F861A680F5B00A75B9A;
			remoteInfo = NativeStart;
		};
/* End PBXContainerItemProxy section */

/* Begin PBXFileReference section */
		00E356EE1AD99517003FC87E /* NativeStartTests.xctest */ = {isa = PBXFileReference; explicitFileType = wrapper.cfbundle; includeInIndex = 0; path = NativeStartTests.xctest; sourceTree = BUILT_PRODUCTS_DIR; };
		00E356F11AD99517003FC87E /* Info.plist */ = {isa = PBXFileReference; lastKnownFileType = text.plist.xml; path = Info.plist; sourceTree = "<group>"; };
		00E356F21AD99517003FC87E /* NativeStartTests.m */ = {isa = PBXFileReference; lastKnownFileType = sourcecode.c.objc; path = NativeStartTests.m; sourceTree = "<group>"; };
		13B07F961A680F5B00A75B9A /* NativeStart.app */ = {isa = PBXFileReference; explicitFileType = wrapper.application; includeInIndex = 0; path = NativeStart.app; sourceTree = BUILT_PRODUCTS_DIR; };
		13B07FAF1A68108700A75B9A /* AppDelegate.h */ = {isa = PBXFileReference; fileEncoding = 4; lastKnownFileType = sourcecode.c.h; name = AppDelegate.h; path = NativeStart/AppDelegate.h; sourceTree = "<group>"; };
		13B07FB01A68108700A75B9A /* AppDelegate.mm */ = {isa = PBXFileReference; fileEncoding = 4; lastKnownFileType = sourcecode.cpp.objcpp; name = AppDelegate.mm; path = NativeStart/AppDelegate.mm; sourceTree = "<group>"; };
		13B07FB51A68108700A75B9A /* Images.xcassets */ = {isa = PBXFileReference; lastKnownFileType = folder.assetcatalog; name = Images.xcassets; path = NativeStart/Images.xcassets; sourceTree = "<group>"; };
		13B07FB61A68108700A75B9A /* Info.plist */ = {isa = PBXFileReference; fileEncoding = 4; lastKnownFileType = text.plist.xml; name = Info.plist; path = NativeStart/Info.plist; sourceTree = "<group>"; };
		13B07FB71A68108700A75B9A /* main.m */ = {isa = PBXFileReference; fileEncoding = 4; lastKnownFileType = sourcecode.c.objc; name = main.m; path = NativeStart/main.m; sourceTree = "<group>"; };
		13B07FB81A68108700A75B9A /* PrivacyInfo.xcprivacy */ = {isa = PBXFileReference; fileEncoding = 4; lastKnownFileType = text.plist.xml; name = PrivacyInfo.xcprivacy; path = NativeStart/PrivacyInfo.xcprivacy; sourceTree = "<group>"; };
		19F6CBCC0A4E27FBF8BF4A61 /* libPods-NativeStart-NativeStartTests.a */ = {isa = PBXFileReference; explicitFileType = archive.ar; includeInIndex = 0; path = "libPods-NativeStart-NativeStartTests.a"; sourceTree = BUILT_PRODUCTS_DIR; };
		3B4392A12AC88292D35C810B /* Pods-NativeStart.debug.xcconfig */ = {isa = PBXFileReference; includeInIndex = 1; lastKnownFileType = text.xcconfig; name = "Pods-NativeStart.debug.xcconfig"; path = "Target Support Files/Pods-NativeStart/Pods-NativeStart.debug.xcconfig"; sourceTree = "<group>"; };
		5709B34CF0A7D63546082F79 /* Pods-NativeStart.release.xcconfig */ = {isa = PBXFileReference; includeInIndex = 1; lastKnownFileType = text.xcconfig; name = "Pods-NativeStart.release.xcconfig"; path = "Target Support Files/Pods-NativeStart/Pods-NativeStart.release.xcconfig"; sourceTree = "<group>"; };
		5B7EB9410499542E8C5724F5 /* Pods-NativeStart-NativeStartTests.debug.xcconfig */ = {isa = PBXFileReference; includeInIndex = 1; lastKnownFileType = text.xcconfig; name = "Pods-NativeStart-NativeStartTests.debug.xcconfig"; path = "Target Support Files/Pods-NativeStart-NativeStartTests/Pods-NativeStart-NativeStartTests.debug.xcconfig"; sourceTree = "<group>"; };
		5DCACB8F33CDC322A6C60F78 /* libPods-NativeStart.a */ = {isa = PBXFileReference; explicitFileType = archive.ar; includeInIndex = 0; path = "libPods-NativeStart.a"; sourceTree = BUILT_PRODUCTS_DIR; };
		81AB9BB72411601600AC10FF /* LaunchScreen.storyboard */ = {isa = PBXFileReference; fileEncoding = 4; lastKnownFileType = file.storyboard; name = LaunchScreen.storyboard; path = NativeStart/LaunchScreen.storyboard; sourceTree = "<group>"; };
		89C6BE57DB24E9ADA2F236DE /* Pods-NativeStart-NativeStartTests.release.xcconfig */ = {isa = PBXFileReference; includeInIndex = 1; lastKnownFileType = text.xcconfig; name = "Pods-NativeStart-NativeStartTests.release.xcconfig"; path = "Target Support Files/Pods-NativeStart-NativeStartTests/Pods-NativeStart-NativeStartTests.release.xcconfig"; sourceTree = "<group>"; };
		ED297162215061F000B7C4FE /* JavaScriptCore.framework */ = {isa = PBXFileReference; lastKnownFileType = wrapper.framework; name = JavaScriptCore.framework; path = System/Library/Frameworks/JavaScriptCore.framework; sourceTree = SDKROOT; };
		6B58293053254A5BAB9CDEB2 /* Montserrat-Italic-VariableFont_wght.ttf */ = {isa = PBXFileReference; name = "Montserrat-Italic-VariableFont_wght.ttf"; path = "../src/Assets/fonts/Montserrat,Nunito,Roboto/Montserrat/Montserrat-Italic-VariableFont_wght.ttf"; sourceTree = "<group>"; fileEncoding = undefined; lastKnownFileType = unknown; explicitFileType = undefined; includeInIndex = 0; };
		9BAE27E3BC314C2EB3506E8A /* Montserrat-VariableFont_wght.ttf */ = {isa = PBXFileReference; name = "Montserrat-VariableFont_wght.ttf"; path = "../src/Assets/fonts/Montserrat,Nunito,Roboto/Montserrat/Montserrat-VariableFont_wght.ttf"; sourceTree = "<group>"; fileEncoding = undefined; lastKnownFileType = unknown; explicitFileType = undefined; includeInIndex = 0; };
		6FA490383A3C4617A6573630 /* Montserrat-Black.ttf */ = {isa = PBXFileReference; name = "Montserrat-Black.ttf"; path = "../src/Assets/fonts/Montserrat,Nunito,Roboto/Montserrat/static/Montserrat-Black.ttf"; sourceTree = "<group>"; fileEncoding = undefined; lastKnownFileType = unknown; explicitFileType = undefined; includeInIndex = 0; };
		C23A7C0D5301450992E77B2C /* Montserrat-BlackItalic.ttf */ = {isa = PBXFileReference; name = "Montserrat-BlackItalic.ttf"; path = "../src/Assets/fonts/Montserrat,Nunito,Roboto/Montserrat/static/Montserrat-BlackItalic.ttf"; sourceTree = "<group>"; fileEncoding = undefined; lastKnownFileType = unknown; explicitFileType = undefined; includeInIndex = 0; };
		2600FB5D3B35457C928F2F4B /* Montserrat-Bold.ttf */ = {isa = PBXFileReference; name = "Montserrat-Bold.ttf"; path = "../src/Assets/fonts/Montserrat,Nunito,Roboto/Montserrat/static/Montserrat-Bold.ttf"; sourceTree = "<group>"; fileEncoding = undefined; lastKnownFileType = unknown; explicitFileType = undefined; includeInIndex = 0; };
		EFD57FBFA3E84D26897EAABE /* Montserrat-BoldItalic.ttf */ = {isa = PBXFileReference; name = "Montserrat-BoldItalic.ttf"; path = "../src/Assets/fonts/Montserrat,Nunito,Roboto/Montserrat/static/Montserrat-BoldItalic.ttf"; sourceTree = "<group>"; fileEncoding = undefined; lastKnownFileType = unknown; explicitFileType = undefined; includeInIndex = 0; };
		EF72EF1843B349F799894DBC /* Montserrat-ExtraBold.ttf */ = {isa = PBXFileReference; name = "Montserrat-ExtraBold.ttf"; path = "../src/Assets/fonts/Montserrat,Nunito,Roboto/Montserrat/static/Montserrat-ExtraBold.ttf"; sourceTree = "<group>"; fileEncoding = undefined; lastKnownFileType = unknown; explicitFileType = undefined; includeInIndex = 0; };
		0EB13A6402E84055AFD03EB6 /* Montserrat-ExtraBoldItalic.ttf */ = {isa = PBXFileReference; name = "Montserrat-ExtraBoldItalic.ttf"; path = "../src/Assets/fonts/Montserrat,Nunito,Roboto/Montserrat/static/Montserrat-ExtraBoldItalic.ttf"; sourceTree = "<group>"; fileEncoding = undefined; lastKnownFileType = unknown; explicitFileType = undefined; includeInIndex = 0; };
		D7FEECCFBC2340C7829C4A76 /* Montserrat-ExtraLight.ttf */ = {isa = PBXFileReference; name = "Montserrat-ExtraLight.ttf"; path = "../src/Assets/fonts/Montserrat,Nunito,Roboto/Montserrat/static/Montserrat-ExtraLight.ttf"; sourceTree = "<group>"; fileEncoding = undefined; lastKnownFileType = unknown; explicitFileType = undefined; includeInIndex = 0; };
		03FF502BB5CC4B40A1A2810E /* Montserrat-ExtraLightItalic.ttf */ = {isa = PBXFileReference; name = "Montserrat-ExtraLightItalic.ttf"; path = "../src/Assets/fonts/Montserrat,Nunito,Roboto/Montserrat/static/Montserrat-ExtraLightItalic.ttf"; sourceTree = "<group>"; fileEncoding = undefined; lastKnownFileType = unknown; explicitFileType = undefined; includeInIndex = 0; };
		B61DC4DDA93B4320B6241B3C /* Montserrat-Italic.ttf */ = {isa = PBXFileReference; name = "Montserrat-Italic.ttf"; path = "../src/Assets/fonts/Montserrat,Nunito,Roboto/Montserrat/static/Montserrat-Italic.ttf"; sourceTree = "<group>"; fileEncoding = undefined; lastKnownFileType = unknown; explicitFileType = undefined; includeInIndex = 0; };
		21A5C5BB87F148B78A5A41D9 /* Montserrat-Light.ttf */ = {isa = PBXFileReference; name = "Montserrat-Light.ttf"; path = "../src/Assets/fonts/Montserrat,Nunito,Roboto/Montserrat/static/Montserrat-Light.ttf"; sourceTree = "<group>"; fileEncoding = undefined; lastKnownFileType = unknown; explicitFileType = undefined; includeInIndex = 0; };
		7F98BC527D3343B8865D2732 /* Montserrat-LightItalic.ttf */ = {isa = PBXFileReference; name = "Montserrat-LightItalic.ttf"; path = "../src/Assets/fonts/Montserrat,Nunito,Roboto/Montserrat/static/Montserrat-LightItalic.ttf"; sourceTree = "<group>"; fileEncoding = undefined; lastKnownFileType = unknown; explicitFileType = undefined; includeInIndex = 0; };
		8A29C30E0E5D49AA8B4E5386 /* Montserrat-Medium.ttf */ = {isa = PBXFileReference; name = "Montserrat-Medium.ttf"; path = "../src/Assets/fonts/Montserrat,Nunito,Roboto/Montserrat/static/Montserrat-Medium.ttf"; sourceTree = "<group>"; fileEncoding = undefined; lastKnownFileType = unknown; explicitFileType = undefined; includeInIndex = 0; };
		D544B3FB31F94C738E0348CA /* Montserrat-MediumItalic.ttf */ = {isa = PBXFileReference; name = "Montserrat-MediumItalic.ttf"; path = "../src/Assets/fonts/Montserrat,Nunito,Roboto/Montserrat/static/Montserrat-MediumItalic.ttf"; sourceTree = "<group>"; fileEncoding = undefined; lastKnownFileType = unknown; explicitFileType = undefined; includeInIndex = 0; };
		460C8DC7745B49E484734A01 /* Montserrat-Regular.ttf */ = {isa = PBXFileReference; name = "Montserrat-Regular.ttf"; path = "../src/Assets/fonts/Montserrat,Nunito,Roboto/Montserrat/static/Montserrat-Regular.ttf"; sourceTree = "<group>"; fileEncoding = undefined; lastKnownFileType = unknown; explicitFileType = undefined; includeInIndex = 0; };
		9946B64C81874B99992B0CBA /* Montserrat-SemiBold.ttf */ = {isa = PBXFileReference; name = "Montserrat-SemiBold.ttf"; path = "../src/Assets/fonts/Montserrat,Nunito,Roboto/Montserrat/static/Montserrat-SemiBold.ttf"; sourceTree = "<group>"; fileEncoding = undefined; lastKnownFileType = unknown; explicitFileType = undefined; includeInIndex = 0; };
		BC8BC1D03F2C421696B1100D /* Montserrat-SemiBoldItalic.ttf */ = {isa = PBXFileReference; name = "Montserrat-SemiBoldItalic.ttf"; path = "../src/Assets/fonts/Montserrat,Nunito,Roboto/Montserrat/static/Montserrat-SemiBoldItalic.ttf"; sourceTree = "<group>"; fileEncoding = undefined; lastKnownFileType = unknown; explicitFileType = undefined; includeInIndex = 0; };
		CE0E03A332204683A9AB9660 /* Montserrat-Thin.ttf */ = {isa = PBXFileReference; name = "Montserrat-Thin.ttf"; path = "../src/Assets/fonts/Montserrat,Nunito,Roboto/Montserrat/static/Montserrat-Thin.ttf"; sourceTree = "<group>"; fileEncoding = undefined; lastKnownFileType = unknown; explicitFileType = undefined; includeInIndex = 0; };
		F51139D39B3740889151B5AB /* Montserrat-ThinItalic.ttf */ = {isa = PBXFileReference; name = "Montserrat-ThinItalic.ttf"; path = "../src/Assets/fonts/Montserrat,Nunito,Roboto/Montserrat/static/Montserrat-ThinItalic.ttf"; sourceTree = "<group>"; fileEncoding = undefined; lastKnownFileType = unknown; explicitFileType = undefined; includeInIndex = 0; };
		78474D5FDBFC4005A6E17E76 /* Nunito-Italic-VariableFont_wght.ttf */ = {isa = PBXFileReference; name = "Nunito-Italic-VariableFont_wght.ttf"; path = "../src/Assets/fonts/Montserrat,Nunito,Roboto/Nunito/Nunito-Italic-VariableFont_wght.ttf"; sourceTree = "<group>"; fileEncoding = undefined; lastKnownFileType = unknown; explicitFileType = undefined; includeInIndex = 0; };
		7A96A255559F4E05AC765A00 /* Nunito-VariableFont_wght.ttf */ = {isa = PBXFileReference; name = "Nunito-VariableFont_wght.ttf"; path = "../src/Assets/fonts/Montserrat,Nunito,Roboto/Nunito/Nunito-VariableFont_wght.ttf"; sourceTree = "<group>"; fileEncoding = undefined; lastKnownFileType = unknown; explicitFileType = undefined; includeInIndex = 0; };
		8F822B51BD83475895A546C3 /* Nunito-Black.ttf */ = {isa = PBXFileReference; name = "Nunito-Black.ttf"; path = "../src/Assets/fonts/Montserrat,Nunito,Roboto/Nunito/static/Nunito-Black.ttf"; sourceTree = "<group>"; fileEncoding = undefined; lastKnownFileType = unknown; explicitFileType = undefined; includeInIndex = 0; };
		D4D756B899754D5691F73A9B /* Nunito-BlackItalic.ttf */ = {isa = PBXFileReference; name = "Nunito-BlackItalic.ttf"; path = "../src/Assets/fonts/Montserrat,Nunito,Roboto/Nunito/static/Nunito-BlackItalic.ttf"; sourceTree = "<group>"; fileEncoding = undefined; lastKnownFileType = unknown; explicitFileType = undefined; includeInIndex = 0; };
		7AB921F16430437092F6B50D /* Nunito-Bold.ttf */ = {isa = PBXFileReference; name = "Nunito-Bold.ttf"; path = "../src/Assets/fonts/Montserrat,Nunito,Roboto/Nunito/static/Nunito-Bold.ttf"; sourceTree = "<group>"; fileEncoding = undefined; lastKnownFileType = unknown; explicitFileType = undefined; includeInIndex = 0; };
		B577A727421A45038A16DF5F /* Nunito-BoldItalic.ttf */ = {isa = PBXFileReference; name = "Nunito-BoldItalic.ttf"; path = "../src/Assets/fonts/Montserrat,Nunito,Roboto/Nunito/static/Nunito-BoldItalic.ttf"; sourceTree = "<group>"; fileEncoding = undefined; lastKnownFileType = unknown; explicitFileType = undefined; includeInIndex = 0; };
		319F1A2A7C94406AA9781135 /* Nunito-ExtraBold.ttf */ = {isa = PBXFileReference; name = "Nunito-ExtraBold.ttf"; path = "../src/Assets/fonts/Montserrat,Nunito,Roboto/Nunito/static/Nunito-ExtraBold.ttf"; sourceTree = "<group>"; fileEncoding = undefined; lastKnownFileType = unknown; explicitFileType = undefined; includeInIndex = 0; };
		DDA2E47BEE1D4B30A490025A /* Nunito-ExtraBoldItalic.ttf */ = {isa = PBXFileReference; name = "Nunito-ExtraBoldItalic.ttf"; path = "../src/Assets/fonts/Montserrat,Nunito,Roboto/Nunito/static/Nunito-ExtraBoldItalic.ttf"; sourceTree = "<group>"; fileEncoding = undefined; lastKnownFileType = unknown; explicitFileType = undefined; includeInIndex = 0; };
		48291D22B9CE4CD89B7AE2B6 /* Nunito-ExtraLight.ttf */ = {isa = PBXFileReference; name = "Nunito-ExtraLight.ttf"; path = "../src/Assets/fonts/Montserrat,Nunito,Roboto/Nunito/static/Nunito-ExtraLight.ttf"; sourceTree = "<group>"; fileEncoding = undefined; lastKnownFileType = unknown; explicitFileType = undefined; includeInIndex = 0; };
		2ABA0818817B41C29409F7E9 /* Nunito-ExtraLightItalic.ttf */ = {isa = PBXFileReference; name = "Nunito-ExtraLightItalic.ttf"; path = "../src/Assets/fonts/Montserrat,Nunito,Roboto/Nunito/static/Nunito-ExtraLightItalic.ttf"; sourceTree = "<group>"; fileEncoding = undefined; lastKnownFileType = unknown; explicitFileType = undefined; includeInIndex = 0; };
		909CCF91BF454AD099AB0570 /* Nunito-Italic.ttf */ = {isa = PBXFileReference; name = "Nunito-Italic.ttf"; path = "../src/Assets/fonts/Montserrat,Nunito,Roboto/Nunito/static/Nunito-Italic.ttf"; sourceTree = "<group>"; fileEncoding = undefined; lastKnownFileType = unknown; explicitFileType = undefined; includeInIndex = 0; };
		8521FDBEC7C046A397F71D53 /* Nunito-Light.ttf */ = {isa = PBXFileReference; name = "Nunito-Light.ttf"; path = "../src/Assets/fonts/Montserrat,Nunito,Roboto/Nunito/static/Nunito-Light.ttf"; sourceTree = "<group>"; fileEncoding = undefined; lastKnownFileType = unknown; explicitFileType = undefined; includeInIndex = 0; };
		0DAA1C1A1C444267B9E8CBF2 /* Nunito-LightItalic.ttf */ = {isa = PBXFileReference; name = "Nunito-LightItalic.ttf"; path = "../src/Assets/fonts/Montserrat,Nunito,Roboto/Nunito/static/Nunito-LightItalic.ttf"; sourceTree = "<group>"; fileEncoding = undefined; lastKnownFileType = unknown; explicitFileType = undefined; includeInIndex = 0; };
		2C042EF2DDF04363A496E314 /* Nunito-Medium.ttf */ = {isa = PBXFileReference; name = "Nunito-Medium.ttf"; path = "../src/Assets/fonts/Montserrat,Nunito,Roboto/Nunito/static/Nunito-Medium.ttf"; sourceTree = "<group>"; fileEncoding = undefined; lastKnownFileType = unknown; explicitFileType = undefined; includeInIndex = 0; };
		AA5FDEAC6E7E414C84E22A82 /* Nunito-MediumItalic.ttf */ = {isa = PBXFileReference; name = "Nunito-MediumItalic.ttf"; path = "../src/Assets/fonts/Montserrat,Nunito,Roboto/Nunito/static/Nunito-MediumItalic.ttf"; sourceTree = "<group>"; fileEncoding = undefined; lastKnownFileType = unknown; explicitFileType = undefined; includeInIndex = 0; };
		C38D78F1871E4F1C93D9B392 /* Nunito-Regular.ttf */ = {isa = PBXFileReference; name = "Nunito-Regular.ttf"; path = "../src/Assets/fonts/Montserrat,Nunito,Roboto/Nunito/static/Nunito-Regular.ttf"; sourceTree = "<group>"; fileEncoding = undefined; lastKnownFileType = unknown; explicitFileType = undefined; includeInIndex = 0; };
		F9F550DC35B8432DB692EB30 /* Nunito-SemiBold.ttf */ = {isa = PBXFileReference; name = "Nunito-SemiBold.ttf"; path = "../src/Assets/fonts/Montserrat,Nunito,Roboto/Nunito/static/Nunito-SemiBold.ttf"; sourceTree = "<group>"; fileEncoding = undefined; lastKnownFileType = unknown; explicitFileType = undefined; includeInIndex = 0; };
		B4CB5A5CEB834DAF97A609E8 /* Nunito-SemiBoldItalic.ttf */ = {isa = PBXFileReference; name = "Nunito-SemiBoldItalic.ttf"; path = "../src/Assets/fonts/Montserrat,Nunito,Roboto/Nunito/static/Nunito-SemiBoldItalic.ttf"; sourceTree = "<group>"; fileEncoding = undefined; lastKnownFileType = unknown; explicitFileType = undefined; includeInIndex = 0; };
		CBFB3D193D034408978148B1 /* Roboto-Black.ttf */ = {isa = PBXFileReference; name = "Roboto-Black.ttf"; path = "../src/Assets/fonts/Montserrat,Nunito,Roboto/Roboto/Roboto-Black.ttf"; sourceTree = "<group>"; fileEncoding = undefined; lastKnownFileType = unknown; explicitFileType = undefined; includeInIndex = 0; };
		9031092D67714E388DDF4A24 /* Roboto-BlackItalic.ttf */ = {isa = PBXFileReference; name = "Roboto-BlackItalic.ttf"; path = "../src/Assets/fonts/Montserrat,Nunito,Roboto/Roboto/Roboto-BlackItalic.ttf"; sourceTree = "<group>"; fileEncoding = undefined; lastKnownFileType = unknown; explicitFileType = undefined; includeInIndex = 0; };
		C2F345E12EDC460DB1C444E3 /* Roboto-Bold.ttf */ = {isa = PBXFileReference; name = "Roboto-Bold.ttf"; path = "../src/Assets/fonts/Montserrat,Nunito,Roboto/Roboto/Roboto-Bold.ttf"; sourceTree = "<group>"; fileEncoding = undefined; lastKnownFileType = unknown; explicitFileType = undefined; includeInIndex = 0; };
		1307A12C0BDF4F309336E0F8 /* Roboto-BoldItalic.ttf */ = {isa = PBXFileReference; name = "Roboto-BoldItalic.ttf"; path = "../src/Assets/fonts/Montserrat,Nunito,Roboto/Roboto/Roboto-BoldItalic.ttf"; sourceTree = "<group>"; fileEncoding = undefined; lastKnownFileType = unknown; explicitFileType = undefined; includeInIndex = 0; };
		94E6078DC40B4BC7B0831836 /* Roboto-Italic.ttf */ = {isa = PBXFileReference; name = "Roboto-Italic.ttf"; path = "../src/Assets/fonts/Montserrat,Nunito,Roboto/Roboto/Roboto-Italic.ttf"; sourceTree = "<group>"; fileEncoding = undefined; lastKnownFileType = unknown; explicitFileType = undefined; includeInIndex = 0; };
		6B542FE854044EB1A1D6AAC7 /* Roboto-Light.ttf */ = {isa = PBXFileReference; name = "Roboto-Light.ttf"; path = "../src/Assets/fonts/Montserrat,Nunito,Roboto/Roboto/Roboto-Light.ttf"; sourceTree = "<group>"; fileEncoding = undefined; lastKnownFileType = unknown; explicitFileType = undefined; includeInIndex = 0; };
		10BE5BABAFD6487F848F2F5A /* Roboto-LightItalic.ttf */ = {isa = PBXFileReference; name = "Roboto-LightItalic.ttf"; path = "../src/Assets/fonts/Montserrat,Nunito,Roboto/Roboto/Roboto-LightItalic.ttf"; sourceTree = "<group>"; fileEncoding = undefined; lastKnownFileType = unknown; explicitFileType = undefined; includeInIndex = 0; };
		99AE2927E5D34FF1B047DDA5 /* Roboto-Medium.ttf */ = {isa = PBXFileReference; name = "Roboto-Medium.ttf"; path = "../src/Assets/fonts/Montserrat,Nunito,Roboto/Roboto/Roboto-Medium.ttf"; sourceTree = "<group>"; fileEncoding = undefined; lastKnownFileType = unknown; explicitFileType = undefined; includeInIndex = 0; };
		B39C1D8BEEB44BF1812F0DAC /* Roboto-MediumItalic.ttf */ = {isa = PBXFileReference; name = "Roboto-MediumItalic.ttf"; path = "../src/Assets/fonts/Montserrat,Nunito,Roboto/Roboto/Roboto-MediumItalic.ttf"; sourceTree = "<group>"; fileEncoding = undefined; lastKnownFileType = unknown; explicitFileType = undefined; includeInIndex = 0; };
		AC34D92A76CC4F2586086CA6 /* Roboto-Regular.ttf */ = {isa = PBXFileReference; name = "Roboto-Regular.ttf"; path = "../src/Assets/fonts/Montserrat,Nunito,Roboto/Roboto/Roboto-Regular.ttf"; sourceTree = "<group>"; fileEncoding = undefined; lastKnownFileType = unknown; explicitFileType = undefined; includeInIndex = 0; };
		E5F41810F43843BAB0EEDD6C /* Roboto-Thin.ttf */ = {isa = PBXFileReference; name = "Roboto-Thin.ttf"; path = "../src/Assets/fonts/Montserrat,Nunito,Roboto/Roboto/Roboto-Thin.ttf"; sourceTree = "<group>"; fileEncoding = undefined; lastKnownFileType = unknown; explicitFileType = undefined; includeInIndex = 0; };
		1737EFB418CD4227B5B09825 /* Roboto-ThinItalic.ttf */ = {isa = PBXFileReference; name = "Roboto-ThinItalic.ttf"; path = "../src/Assets/fonts/Montserrat,Nunito,Roboto/Roboto/Roboto-ThinItalic.ttf"; sourceTree = "<group>"; fileEncoding = undefined; lastKnownFileType = unknown; explicitFileType = undefined; includeInIndex = 0; };
/* End PBXFileReference section */

/* Begin PBXFrameworksBuildPhase section */
		00E356EB1AD99517003FC87E /* Frameworks */ = {
			isa = PBXFrameworksBuildPhase;
			buildActionMask = 2147483647;
			files = (
				7699B88040F8A987B510C191 /* libPods-NativeStart-NativeStartTests.a in Frameworks */,
			);
			runOnlyForDeploymentPostprocessing = 0;
		};
		13B07F8C1A680F5B00A75B9A /* Frameworks */ = {
			isa = PBXFrameworksBuildPhase;
			buildActionMask = 2147483647;
			files = (
				0C80B921A6F3F58F76C31292 /* libPods-NativeStart.a in Frameworks */,
			);
			runOnlyForDeploymentPostprocessing = 0;
		};
/* End PBXFrameworksBuildPhase section */

/* Begin PBXGroup section */
		00E356EF1AD99517003FC87E /* NativeStartTests */ = {
			isa = PBXGroup;
			children = (
				00E356F21AD99517003FC87E /* NativeStartTests.m */,
				00E356F01AD99517003FC87E /* Supporting Files */,
			);
			path = NativeStartTests;
			sourceTree = "<group>";
		};
		00E356F01AD99517003FC87E /* Supporting Files */ = {
			isa = PBXGroup;
			children = (
				00E356F11AD99517003FC87E /* Info.plist */,
			);
			name = "Supporting Files";
			sourceTree = "<group>";
		};
		13B07FAE1A68108700A75B9A /* NativeStart */ = {
			isa = PBXGroup;
			children = (
				13B07FAF1A68108700A75B9A /* AppDelegate.h */,
				13B07FB01A68108700A75B9A /* AppDelegate.mm */,
				13B07FB51A68108700A75B9A /* Images.xcassets */,
				13B07FB61A68108700A75B9A /* Info.plist */,
				81AB9BB72411601600AC10FF /* LaunchScreen.storyboard */,
				13B07FB71A68108700A75B9A /* main.m */,
				13B07FB81A68108700A75B9A /* PrivacyInfo.xcprivacy */,
			);
			name = NativeStart;
			sourceTree = "<group>";
		};
		2D16E6871FA4F8E400B85C8A /* Frameworks */ = {
			isa = PBXGroup;
			children = (
				ED297162215061F000B7C4FE /* JavaScriptCore.framework */,
				5DCACB8F33CDC322A6C60F78 /* libPods-NativeStart.a */,
				19F6CBCC0A4E27FBF8BF4A61 /* libPods-NativeStart-NativeStartTests.a */,
			);
			name = Frameworks;
			sourceTree = "<group>";
		};
		832341AE1AAA6A7D00B99B32 /* Libraries */ = {
			isa = PBXGroup;
			children = (
			);
			name = Libraries;
			sourceTree = "<group>";
		};
		83CBB9F61A601CBA00E9B192 = {
			isa = PBXGroup;
			children = (
				13B07FAE1A68108700A75B9A /* NativeStart */,
				832341AE1AAA6A7D00B99B32 /* Libraries */,
				00E356EF1AD99517003FC87E /* NativeStartTests */,
				83CBBA001A601CBA00E9B192 /* Products */,
				2D16E6871FA4F8E400B85C8A /* Frameworks */,
				BBD78D7AC51CEA395F1C20DB /* Pods */,
				77FF1C5211044F5F845DDB93 /* Resources */,
			);
			indentWidth = 2;
			sourceTree = "<group>";
			tabWidth = 2;
			usesTabs = 0;
		};
		83CBBA001A601CBA00E9B192 /* Products */ = {
			isa = PBXGroup;
			children = (
				13B07F961A680F5B00A75B9A /* NativeStart.app */,
				00E356EE1AD99517003FC87E /* NativeStartTests.xctest */,
			);
			name = Products;
			sourceTree = "<group>";
		};
		BBD78D7AC51CEA395F1C20DB /* Pods */ = {
			isa = PBXGroup;
			children = (
				3B4392A12AC88292D35C810B /* Pods-NativeStart.debug.xcconfig */,
				5709B34CF0A7D63546082F79 /* Pods-NativeStart.release.xcconfig */,
				5B7EB9410499542E8C5724F5 /* Pods-NativeStart-NativeStartTests.debug.xcconfig */,
				89C6BE57DB24E9ADA2F236DE /* Pods-NativeStart-NativeStartTests.release.xcconfig */,
			);
			path = Pods;
			sourceTree = "<group>";
		};
		77FF1C5211044F5F845DDB93 /* Resources */ = {
			isa = "PBXGroup";
			children = (
				6B58293053254A5BAB9CDEB2 /* Montserrat-Italic-VariableFont_wght.ttf */,
				9BAE27E3BC314C2EB3506E8A /* Montserrat-VariableFont_wght.ttf */,
				6FA490383A3C4617A6573630 /* Montserrat-Black.ttf */,
				C23A7C0D5301450992E77B2C /* Montserrat-BlackItalic.ttf */,
				2600FB5D3B35457C928F2F4B /* Montserrat-Bold.ttf */,
				EFD57FBFA3E84D26897EAABE /* Montserrat-BoldItalic.ttf */,
				EF72EF1843B349F799894DBC /* Montserrat-ExtraBold.ttf */,
				0EB13A6402E84055AFD03EB6 /* Montserrat-ExtraBoldItalic.ttf */,
				D7FEECCFBC2340C7829C4A76 /* Montserrat-ExtraLight.ttf */,
				03FF502BB5CC4B40A1A2810E /* Montserrat-ExtraLightItalic.ttf */,
				B61DC4DDA93B4320B6241B3C /* Montserrat-Italic.ttf */,
				21A5C5BB87F148B78A5A41D9 /* Montserrat-Light.ttf */,
				7F98BC527D3343B8865D2732 /* Montserrat-LightItalic.ttf */,
				8A29C30E0E5D49AA8B4E5386 /* Montserrat-Medium.ttf */,
				D544B3FB31F94C738E0348CA /* Montserrat-MediumItalic.ttf */,
				460C8DC7745B49E484734A01 /* Montserrat-Regular.ttf */,
				9946B64C81874B99992B0CBA /* Montserrat-SemiBold.ttf */,
				BC8BC1D03F2C421696B1100D /* Montserrat-SemiBoldItalic.ttf */,
				CE0E03A332204683A9AB9660 /* Montserrat-Thin.ttf */,
				F51139D39B3740889151B5AB /* Montserrat-ThinItalic.ttf */,
				78474D5FDBFC4005A6E17E76 /* Nunito-Italic-VariableFont_wght.ttf */,
				7A96A255559F4E05AC765A00 /* Nunito-VariableFont_wght.ttf */,
				8F822B51BD83475895A546C3 /* Nunito-Black.ttf */,
				D4D756B899754D5691F73A9B /* Nunito-BlackItalic.ttf */,
				7AB921F16430437092F6B50D /* Nunito-Bold.ttf */,
				B577A727421A45038A16DF5F /* Nunito-BoldItalic.ttf */,
				319F1A2A7C94406AA9781135 /* Nunito-ExtraBold.ttf */,
				DDA2E47BEE1D4B30A490025A /* Nunito-ExtraBoldItalic.ttf */,
				48291D22B9CE4CD89B7AE2B6 /* Nunito-ExtraLight.ttf */,
				2ABA0818817B41C29409F7E9 /* Nunito-ExtraLightItalic.ttf */,
				909CCF91BF454AD099AB0570 /* Nunito-Italic.ttf */,
				8521FDBEC7C046A397F71D53 /* Nunito-Light.ttf */,
				0DAA1C1A1C444267B9E8CBF2 /* Nunito-LightItalic.ttf */,
				2C042EF2DDF04363A496E314 /* Nunito-Medium.ttf */,
				AA5FDEAC6E7E414C84E22A82 /* Nunito-MediumItalic.ttf */,
				C38D78F1871E4F1C93D9B392 /* Nunito-Regular.ttf */,
				F9F550DC35B8432DB692EB30 /* Nunito-SemiBold.ttf */,
				B4CB5A5CEB834DAF97A609E8 /* Nunito-SemiBoldItalic.ttf */,
				CBFB3D193D034408978148B1 /* Roboto-Black.ttf */,
				9031092D67714E388DDF4A24 /* Roboto-BlackItalic.ttf */,
				C2F345E12EDC460DB1C444E3 /* Roboto-Bold.ttf */,
				1307A12C0BDF4F309336E0F8 /* Roboto-BoldItalic.ttf */,
				94E6078DC40B4BC7B0831836 /* Roboto-Italic.ttf */,
				6B542FE854044EB1A1D6AAC7 /* Roboto-Light.ttf */,
				10BE5BABAFD6487F848F2F5A /* Roboto-LightItalic.ttf */,
				99AE2927E5D34FF1B047DDA5 /* Roboto-Medium.ttf */,
				B39C1D8BEEB44BF1812F0DAC /* Roboto-MediumItalic.ttf */,
				AC34D92A76CC4F2586086CA6 /* Roboto-Regular.ttf */,
				E5F41810F43843BAB0EEDD6C /* Roboto-Thin.ttf */,
				1737EFB418CD4227B5B09825 /* Roboto-ThinItalic.ttf */,
			);
			name = Resources;
			sourceTree = "<group>";
			path = "";
		};
/* End PBXGroup section */

/* Begin PBXNativeTarget section */
		00E356ED1AD99517003FC87E /* NativeStartTests */ = {
			isa = PBXNativeTarget;
			buildConfigurationList = 00E357021AD99517003FC87E /* Build configuration list for PBXNativeTarget "NativeStartTests" */;
			buildPhases = (
				A55EABD7B0C7F3A422A6CC61 /* [CP] Check Pods Manifest.lock */,
				00E356EA1AD99517003FC87E /* Sources */,
				00E356EB1AD99517003FC87E /* Frameworks */,
				00E356EC1AD99517003FC87E /* Resources */,
				C59DA0FBD6956966B86A3779 /* [CP] Embed Pods Frameworks */,
				F6A41C54EA430FDDC6A6ED99 /* [CP] Copy Pods Resources */,
			);
			buildRules = (
			);
			dependencies = (
				00E356F51AD99517003FC87E /* PBXTargetDependency */,
			);
			name = NativeStartTests;
			productName = NativeStartTests;
			productReference = 00E356EE1AD99517003FC87E /* NativeStartTests.xctest */;
			productType = "com.apple.product-type.bundle.unit-test";
		};
		13B07F861A680F5B00A75B9A /* NativeStart */ = {
			isa = PBXNativeTarget;
			buildConfigurationList = 13B07F931A680F5B00A75B9A /* Build configuration list for PBXNativeTarget "NativeStart" */;
			buildPhases = (
				C38B50BA6285516D6DCD4F65 /* [CP] Check Pods Manifest.lock */,
				13B07F871A680F5B00A75B9A /* Sources */,
				13B07F8C1A680F5B00A75B9A /* Frameworks */,
				13B07F8E1A680F5B00A75B9A /* Resources */,
				00DD1BFF1BD5951E006B06BC /* Bundle React Native code and images */,
				00EEFC60759A1932668264C0 /* [CP] Embed Pods Frameworks */,
				E235C05ADACE081382539298 /* [CP] Copy Pods Resources */,
			);
			buildRules = (
			);
			dependencies = (
			);
			name = NativeStart;
			productName = NativeStart;
			productReference = 13B07F961A680F5B00A75B9A /* NativeStart.app */;
			productType = "com.apple.product-type.application";
		};
/* End PBXNativeTarget section */

/* Begin PBXProject section */
		83CBB9F71A601CBA00E9B192 /* Project object */ = {
			isa = PBXProject;
			attributes = {
				LastUpgradeCheck = 1210;
				TargetAttributes = {
					00E356ED1AD99517003FC87E = {
						CreatedOnToolsVersion = 6.2;
						TestTargetID = 13B07F861A680F5B00A75B9A;
					};
					13B07F861A680F5B00A75B9A = {
						LastSwiftMigration = 1120;
					};
				};
			};
			buildConfigurationList = 83CBB9FA1A601CBA00E9B192 /* Build configuration list for PBXProject "NativeStart" */;
			compatibilityVersion = "Xcode 12.0";
			developmentRegion = en;
			hasScannedForEncodings = 0;
			knownRegions = (
				en,
				Base,
			);
			mainGroup = 83CBB9F61A601CBA00E9B192;
			productRefGroup = 83CBBA001A601CBA00E9B192 /* Products */;
			projectDirPath = "";
			projectRoot = "";
			targets = (
				13B07F861A680F5B00A75B9A /* NativeStart */,
				00E356ED1AD99517003FC87E /* NativeStartTests */,
			);
		};
/* End PBXProject section */

/* Begin PBXResourcesBuildPhase section */
		00E356EC1AD99517003FC87E /* Resources */ = {
			isa = PBXResourcesBuildPhase;
			buildActionMask = 2147483647;
			files = (
			);
			runOnlyForDeploymentPostprocessing = 0;
		};
		13B07F8E1A680F5B00A75B9A /* Resources */ = {
			isa = PBXResourcesBuildPhase;
			buildActionMask = 2147483647;
			files = (
				81AB9BB82411601600AC10FF /* LaunchScreen.storyboard in Resources */,
				13B07FBF1A68108700A75B9A /* Images.xcassets in Resources */,
				45EFF4D0FB6145AB950DEDD6 /* Montserrat-Italic-VariableFont_wght.ttf in Resources */,
				10280B2EB7C94C6283FF36E0 /* Montserrat-VariableFont_wght.ttf in Resources */,
				712892D09D9F4C26BAD89D61 /* Montserrat-Black.ttf in Resources */,
				B4E03F02B6C34004B3F52065 /* Montserrat-BlackItalic.ttf in Resources */,
				9DF126A96DD946C18F81D990 /* Montserrat-Bold.ttf in Resources */,
				3D10A09208AE4E3E91CE7A4D /* Montserrat-BoldItalic.ttf in Resources */,
				D29A797CB89C4FA7916FF4BA /* Montserrat-ExtraBold.ttf in Resources */,
				E3182CF59238498B9DAA4303 /* Montserrat-ExtraBoldItalic.ttf in Resources */,
				9BA8BE87388641FE9830487C /* Montserrat-ExtraLight.ttf in Resources */,
				F605DBCB428540A78E55579E /* Montserrat-ExtraLightItalic.ttf in Resources */,
				87B2F5E77A9A40B9AEE82F5C /* Montserrat-Italic.ttf in Resources */,
				617E1CB1D9C44C41AB9B8DF0 /* Montserrat-Light.ttf in Resources */,
				D0CF16C7E040457F8616B41D /* Montserrat-LightItalic.ttf in Resources */,
				5AF06479AAF24A6C89DEE7DD /* Montserrat-Medium.ttf in Resources */,
				85DBB45A9370483E9DAA9BD2 /* Montserrat-MediumItalic.ttf in Resources */,
				5C49AF8F65CE4446B240E41E /* Montserrat-Regular.ttf in Resources */,
				38C74F2B9B104B65AC3168EA /* Montserrat-SemiBold.ttf in Resources */,
				B42691AC35CE458D9A71947D /* Montserrat-SemiBoldItalic.ttf in Resources */,
				8215A1FC208D436B81682670 /* Montserrat-Thin.ttf in Resources */,
				2E2C595F6BE543618D44B999 /* Montserrat-ThinItalic.ttf in Resources */,
				4411110221FB48CA9F0F9A61 /* Nunito-Italic-VariableFont_wght.ttf in Resources */,
				1D65CA924F5B4B9785B1B2CF /* Nunito-VariableFont_wght.ttf in Resources */,
				554FE9AEBDF047F1B66C8785 /* Nunito-Black.ttf in Resources */,
				E9E5BFF9501C450C90880C94 /* Nunito-BlackItalic.ttf in Resources */,
				29461C3A38C94BC3800D569D /* Nunito-Bold.ttf in Resources */,
				F5423FFC635B4AF4A662694A /* Nunito-BoldItalic.ttf in Resources */,
				4350B3035F794320BC25F047 /* Nunito-ExtraBold.ttf in Resources */,
				C2E1ABF122AB4F689ABAA4F3 /* Nunito-ExtraBoldItalic.ttf in Resources */,
				D5184C7641FB4A8F92E0B517 /* Nunito-ExtraLight.ttf in Resources */,
				4B3DDF3FD4CD42DFBD21B42F /* Nunito-ExtraLightItalic.ttf in Resources */,
				E0D8A494536B48018CF40431 /* Nunito-Italic.ttf in Resources */,
				D889D6687B3E442D84F359AB /* Nunito-Light.ttf in Resources */,
				310B94A949E44C12B00AF548 /* Nunito-LightItalic.ttf in Resources */,
				5913BE8C8E184FF4B519B07B /* Nunito-Medium.ttf in Resources */,
				1EC60CADDC1B435F81260935 /* Nunito-MediumItalic.ttf in Resources */,
				E83901DA6D9A44B8A3C10C1F /* Nunito-Regular.ttf in Resources */,
				C0A28DC355944AFEB4FCB1F8 /* Nunito-SemiBold.ttf in Resources */,
				7A9776A8F70C496883EBB830 /* Nunito-SemiBoldItalic.ttf in Resources */,
				9B7EEA509EAA4DC882617E52 /* Roboto-Black.ttf in Resources */,
				279CEE4FDAFF4BAC9636E1A7 /* Roboto-BlackItalic.ttf in Resources */,
				53AA4A5BC8B943448FA91ADC /* Roboto-Bold.ttf in Resources */,
				F4377A542C3843BFAB8E2DA0 /* Roboto-BoldItalic.ttf in Resources */,
				E0C6618AB27543F9ABD0EECD /* Roboto-Italic.ttf in Resources */,
				B192805ED8B6494FB6A55E0E /* Roboto-Light.ttf in Resources */,
				C873DAF59CDC4CA1B1F8BF6D /* Roboto-LightItalic.ttf in Resources */,
				6AC58F4FC98549A7BCA2CE25 /* Roboto-Medium.ttf in Resources */,
				9799C531EC1E4DE08DC0FDEA /* Roboto-MediumItalic.ttf in Resources */,
				C98542B0615049EAB677988A /* Roboto-Regular.ttf in Resources */,
				7DED33EDBD924BC0B6403384 /* Roboto-Thin.ttf in Resources */,
				4A718757B1DE4F70B2B2BEC8 /* Roboto-ThinItalic.ttf in Resources */,
			);
			runOnlyForDeploymentPostprocessing = 0;
		};
/* End PBXResourcesBuildPhase section */

/* Begin PBXShellScriptBuildPhase section */
		00DD1BFF1BD5951E006B06BC /* Bundle React Native code and images */ = {
			isa = PBXShellScriptBuildPhase;
			buildActionMask = 2147483647;
			files = (
			);
			inputPaths = (
				"$(SRCROOT)/.xcode.env.local",
				"$(SRCROOT)/.xcode.env",
			);
			name = "Bundle React Native code and images";
			outputPaths = (
			);
			runOnlyForDeploymentPostprocessing = 0;
			shellPath = /bin/sh;
			shellScript = "set -e\n\nWITH_ENVIRONMENT=\"$REACT_NATIVE_PATH/scripts/xcode/with-environment.sh\"\nREACT_NATIVE_XCODE=\"$REACT_NATIVE_PATH/scripts/react-native-xcode.sh\"\n\n/bin/sh -c \"$WITH_ENVIRONMENT $REACT_NATIVE_XCODE\"\n";
		};
		00EEFC60759A1932668264C0 /* [CP] Embed Pods Frameworks */ = {
			isa = PBXShellScriptBuildPhase;
			buildActionMask = 2147483647;
			files = (
			);
			inputFileListPaths = (
				"${PODS_ROOT}/Target Support Files/Pods-NativeStart/Pods-NativeStart-frameworks-${CONFIGURATION}-input-files.xcfilelist",
			);
			name = "[CP] Embed Pods Frameworks";
			outputFileListPaths = (
				"${PODS_ROOT}/Target Support Files/Pods-NativeStart/Pods-NativeStart-frameworks-${CONFIGURATION}-output-files.xcfilelist",
			);
			runOnlyForDeploymentPostprocessing = 0;
			shellPath = /bin/sh;
			shellScript = "\"${PODS_ROOT}/Target Support Files/Pods-NativeStart/Pods-NativeStart-frameworks.sh\"\n";
			showEnvVarsInLog = 0;
		};
		A55EABD7B0C7F3A422A6CC61 /* [CP] Check Pods Manifest.lock */ = {
			isa = PBXShellScriptBuildPhase;
			buildActionMask = 2147483647;
			files = (
			);
			inputFileListPaths = (
			);
			inputPaths = (
				"${PODS_PODFILE_DIR_PATH}/Podfile.lock",
				"${PODS_ROOT}/Manifest.lock",
			);
			name = "[CP] Check Pods Manifest.lock";
			outputFileListPaths = (
			);
			outputPaths = (
				"$(DERIVED_FILE_DIR)/Pods-NativeStart-NativeStartTests-checkManifestLockResult.txt",
			);
			runOnlyForDeploymentPostprocessing = 0;
			shellPath = /bin/sh;
			shellScript = "diff \"${PODS_PODFILE_DIR_PATH}/Podfile.lock\" \"${PODS_ROOT}/Manifest.lock\" > /dev/null\nif [ $? != 0 ] ; then\n    # print error to STDERR\n    echo \"error: The sandbox is not in sync with the Podfile.lock. Run 'pod install' or update your CocoaPods installation.\" >&2\n    exit 1\nfi\n# This output is used by Xcode 'outputs' to avoid re-running this script phase.\necho \"SUCCESS\" > \"${SCRIPT_OUTPUT_FILE_0}\"\n";
			showEnvVarsInLog = 0;
		};
		C38B50BA6285516D6DCD4F65 /* [CP] Check Pods Manifest.lock */ = {
			isa = PBXShellScriptBuildPhase;
			buildActionMask = 2147483647;
			files = (
			);
			inputFileListPaths = (
			);
			inputPaths = (
				"${PODS_PODFILE_DIR_PATH}/Podfile.lock",
				"${PODS_ROOT}/Manifest.lock",
			);
			name = "[CP] Check Pods Manifest.lock";
			outputFileListPaths = (
			);
			outputPaths = (
				"$(DERIVED_FILE_DIR)/Pods-NativeStart-checkManifestLockResult.txt",
			);
			runOnlyForDeploymentPostprocessing = 0;
			shellPath = /bin/sh;
			shellScript = "diff \"${PODS_PODFILE_DIR_PATH}/Podfile.lock\" \"${PODS_ROOT}/Manifest.lock\" > /dev/null\nif [ $? != 0 ] ; then\n    # print error to STDERR\n    echo \"error: The sandbox is not in sync with the Podfile.lock. Run 'pod install' or update your CocoaPods installation.\" >&2\n    exit 1\nfi\n# This output is used by Xcode 'outputs' to avoid re-running this script phase.\necho \"SUCCESS\" > \"${SCRIPT_OUTPUT_FILE_0}\"\n";
			showEnvVarsInLog = 0;
		};
		C59DA0FBD6956966B86A3779 /* [CP] Embed Pods Frameworks */ = {
			isa = PBXShellScriptBuildPhase;
			buildActionMask = 2147483647;
			files = (
			);
			inputFileListPaths = (
				"${PODS_ROOT}/Target Support Files/Pods-NativeStart-NativeStartTests/Pods-NativeStart-NativeStartTests-frameworks-${CONFIGURATION}-input-files.xcfilelist",
			);
			name = "[CP] Embed Pods Frameworks";
			outputFileListPaths = (
				"${PODS_ROOT}/Target Support Files/Pods-NativeStart-NativeStartTests/Pods-NativeStart-NativeStartTests-frameworks-${CONFIGURATION}-output-files.xcfilelist",
			);
			runOnlyForDeploymentPostprocessing = 0;
			shellPath = /bin/sh;
			shellScript = "\"${PODS_ROOT}/Target Support Files/Pods-NativeStart-NativeStartTests/Pods-NativeStart-NativeStartTests-frameworks.sh\"\n";
			showEnvVarsInLog = 0;
		};
		E235C05ADACE081382539298 /* [CP] Copy Pods Resources */ = {
			isa = PBXShellScriptBuildPhase;
			buildActionMask = 2147483647;
			files = (
			);
			inputFileListPaths = (
				"${PODS_ROOT}/Target Support Files/Pods-NativeStart/Pods-NativeStart-resources-${CONFIGURATION}-input-files.xcfilelist",
			);
			name = "[CP] Copy Pods Resources";
			outputFileListPaths = (
				"${PODS_ROOT}/Target Support Files/Pods-NativeStart/Pods-NativeStart-resources-${CONFIGURATION}-output-files.xcfilelist",
			);
			runOnlyForDeploymentPostprocessing = 0;
			shellPath = /bin/sh;
			shellScript = "\"${PODS_ROOT}/Target Support Files/Pods-NativeStart/Pods-NativeStart-resources.sh\"\n";
			showEnvVarsInLog = 0;
		};
		F6A41C54EA430FDDC6A6ED99 /* [CP] Copy Pods Resources */ = {
			isa = PBXShellScriptBuildPhase;
			buildActionMask = 2147483647;
			files = (
			);
			inputFileListPaths = (
				"${PODS_ROOT}/Target Support Files/Pods-NativeStart-NativeStartTests/Pods-NativeStart-NativeStartTests-resources-${CONFIGURATION}-input-files.xcfilelist",
			);
			name = "[CP] Copy Pods Resources";
			outputFileListPaths = (
				"${PODS_ROOT}/Target Support Files/Pods-NativeStart-NativeStartTests/Pods-NativeStart-NativeStartTests-resources-${CONFIGURATION}-output-files.xcfilelist",
			);
			runOnlyForDeploymentPostprocessing = 0;
			shellPath = /bin/sh;
			shellScript = "\"${PODS_ROOT}/Target Support Files/Pods-NativeStart-NativeStartTests/Pods-NativeStart-NativeStartTests-resources.sh\"\n";
			showEnvVarsInLog = 0;
		};
/* End PBXShellScriptBuildPhase section */

/* Begin PBXSourcesBuildPhase section */
		00E356EA1AD99517003FC87E /* Sources */ = {
			isa = PBXSourcesBuildPhase;
			buildActionMask = 2147483647;
			files = (
				00E356F31AD99517003FC87E /* NativeStartTests.m in Sources */,
			);
			runOnlyForDeploymentPostprocessing = 0;
		};
		13B07F871A680F5B00A75B9A /* Sources */ = {
			isa = PBXSourcesBuildPhase;
			buildActionMask = 2147483647;
			files = (
				13B07FBC1A68108700A75B9A /* AppDelegate.mm in Sources */,
				13B07FC11A68108700A75B9A /* main.m in Sources */,
			);
			runOnlyForDeploymentPostprocessing = 0;
		};
/* End PBXSourcesBuildPhase section */

/* Begin PBXTargetDependency section */
		00E356F51AD99517003FC87E /* PBXTargetDependency */ = {
			isa = PBXTargetDependency;
			target = 13B07F861A680F5B00A75B9A /* NativeStart */;
			targetProxy = 00E356F41AD99517003FC87E /* PBXContainerItemProxy */;
		};
/* End PBXTargetDependency section */

/* Begin XCBuildConfiguration section */
		00E356F61AD99517003FC87E /* Debug */ = {
			isa = XCBuildConfiguration;
			baseConfigurationReference = 5B7EB9410499542E8C5724F5 /* Pods-NativeStart-NativeStartTests.debug.xcconfig */;
			buildSettings = {
				BUNDLE_LOADER = "$(TEST_HOST)";
				GCC_PREPROCESSOR_DEFINITIONS = (
					"DEBUG=1",
					"$(inherited)",
				);
				INFOPLIST_FILE = NativeStartTests/Info.plist;
				IPHONEOS_DEPLOYMENT_TARGET = 13.4;
				LD_RUNPATH_SEARCH_PATHS = (
					"$(inherited)",
					"@executable_path/Frameworks",
					"@loader_path/Frameworks",
				);
				OTHER_LDFLAGS = (
					"-ObjC",
					"-lc++",
					"$(inherited)",
				);
				PRODUCT_BUNDLE_IDENTIFIER = "org.reactjs.native.example.$(PRODUCT_NAME:rfc1034identifier)";
				PRODUCT_NAME = "$(TARGET_NAME)";
				TEST_HOST = "$(BUILT_PRODUCTS_DIR)/NativeStart.app/NativeStart";
			};
			name = Debug;
		};
		00E356F71AD99517003FC87E /* Release */ = {
			isa = XCBuildConfiguration;
			baseConfigurationReference = 89C6BE57DB24E9ADA2F236DE /* Pods-NativeStart-NativeStartTests.release.xcconfig */;
			buildSettings = {
				BUNDLE_LOADER = "$(TEST_HOST)";
				COPY_PHASE_STRIP = NO;
				INFOPLIST_FILE = NativeStartTests/Info.plist;
				IPHONEOS_DEPLOYMENT_TARGET = 13.4;
				LD_RUNPATH_SEARCH_PATHS = (
					"$(inherited)",
					"@executable_path/Frameworks",
					"@loader_path/Frameworks",
				);
				OTHER_LDFLAGS = (
					"-ObjC",
					"-lc++",
					"$(inherited)",
				);
				PRODUCT_BUNDLE_IDENTIFIER = "org.reactjs.native.example.$(PRODUCT_NAME:rfc1034identifier)";
				PRODUCT_NAME = "$(TARGET_NAME)";
				TEST_HOST = "$(BUILT_PRODUCTS_DIR)/NativeStart.app/NativeStart";
			};
			name = Release;
		};
		13B07F941A680F5B00A75B9A /* Debug */ = {
			isa = XCBuildConfiguration;
			baseConfigurationReference = 3B4392A12AC88292D35C810B /* Pods-NativeStart.debug.xcconfig */;
			buildSettings = {
				ASSETCATALOG_COMPILER_APPICON_NAME = AppIcon;
				CLANG_ENABLE_MODULES = YES;
				CURRENT_PROJECT_VERSION = 1;
				ENABLE_BITCODE = NO;
				INFOPLIST_FILE = NativeStart/Info.plist;
				LD_RUNPATH_SEARCH_PATHS = (
					"$(inherited)",
					"@executable_path/Frameworks",
				);
				MARKETING_VERSION = 1.0;
				OTHER_LDFLAGS = (
					"$(inherited)",
					"-ObjC",
					"-lc++",
				);
				PRODUCT_BUNDLE_IDENTIFIER = "org.reactjs.native.example.$(PRODUCT_NAME:rfc1034identifier)";
				PRODUCT_NAME = NativeStart;
				SWIFT_OPTIMIZATION_LEVEL = "-Onone";
				SWIFT_VERSION = 5.0;
				VERSIONING_SYSTEM = "apple-generic";
			};
			name = Debug;
		};
		13B07F951A680F5B00A75B9A /* Release */ = {
			isa = XCBuildConfiguration;
			baseConfigurationReference = 5709B34CF0A7D63546082F79 /* Pods-NativeStart.release.xcconfig */;
			buildSettings = {
				ASSETCATALOG_COMPILER_APPICON_NAME = AppIcon;
				CLANG_ENABLE_MODULES = YES;
				CURRENT_PROJECT_VERSION = 1;
				INFOPLIST_FILE = NativeStart/Info.plist;
				LD_RUNPATH_SEARCH_PATHS = (
					"$(inherited)",
					"@executable_path/Frameworks",
				);
				MARKETING_VERSION = 1.0;
				OTHER_LDFLAGS = (
					"$(inherited)",
					"-ObjC",
					"-lc++",
				);
				PRODUCT_BUNDLE_IDENTIFIER = "org.reactjs.native.example.$(PRODUCT_NAME:rfc1034identifier)";
				PRODUCT_NAME = NativeStart;
				SWIFT_VERSION = 5.0;
				VERSIONING_SYSTEM = "apple-generic";
			};
			name = Release;
		};
		83CBBA201A601CBA00E9B192 /* Debug */ = {
			isa = XCBuildConfiguration;
			buildSettings = {
				ALWAYS_SEARCH_USER_PATHS = NO;
				CLANG_ANALYZER_LOCALIZABILITY_NONLOCALIZED = YES;
				CLANG_CXX_LANGUAGE_STANDARD = "c++20";
				CLANG_CXX_LIBRARY = "libc++";
				CLANG_ENABLE_MODULES = YES;
				CLANG_ENABLE_OBJC_ARC = YES;
				CLANG_WARN_BLOCK_CAPTURE_AUTORELEASING = YES;
				CLANG_WARN_BOOL_CONVERSION = YES;
				CLANG_WARN_COMMA = YES;
				CLANG_WARN_CONSTANT_CONVERSION = YES;
				CLANG_WARN_DEPRECATED_OBJC_IMPLEMENTATIONS = YES;
				CLANG_WARN_DIRECT_OBJC_ISA_USAGE = YES_ERROR;
				CLANG_WARN_EMPTY_BODY = YES;
				CLANG_WARN_ENUM_CONVERSION = YES;
				CLANG_WARN_INFINITE_RECURSION = YES;
				CLANG_WARN_INT_CONVERSION = YES;
				CLANG_WARN_NON_LITERAL_NULL_CONVERSION = YES;
				CLANG_WARN_OBJC_IMPLICIT_RETAIN_SELF = YES;
				CLANG_WARN_OBJC_LITERAL_CONVERSION = YES;
				CLANG_WARN_OBJC_ROOT_CLASS = YES_ERROR;
				CLANG_WARN_QUOTED_INCLUDE_IN_FRAMEWORK_HEADER = YES;
				CLANG_WARN_RANGE_LOOP_ANALYSIS = YES;
				CLANG_WARN_STRICT_PROTOTYPES = YES;
				CLANG_WARN_SUSPICIOUS_MOVE = YES;
				CLANG_WARN_UNREACHABLE_CODE = YES;
				CLANG_WARN__DUPLICATE_METHOD_MATCH = YES;
				"CODE_SIGN_IDENTITY[sdk=iphoneos*]" = "iPhone Developer";
				COPY_PHASE_STRIP = NO;
				ENABLE_STRICT_OBJC_MSGSEND = YES;
				ENABLE_TESTABILITY = YES;
				"EXCLUDED_ARCHS[sdk=iphonesimulator*]" = "";
				GCC_C_LANGUAGE_STANDARD = gnu99;
				GCC_DYNAMIC_NO_PIC = NO;
				GCC_NO_COMMON_BLOCKS = YES;
				GCC_OPTIMIZATION_LEVEL = 0;
				GCC_PREPROCESSOR_DEFINITIONS = (
					"DEBUG=1",
					"$(inherited)",
				);
				GCC_SYMBOLS_PRIVATE_EXTERN = NO;
				GCC_WARN_64_TO_32_BIT_CONVERSION = YES;
				GCC_WARN_ABOUT_RETURN_TYPE = YES_ERROR;
				GCC_WARN_UNDECLARED_SELECTOR = YES;
				GCC_WARN_UNINITIALIZED_AUTOS = YES_AGGRESSIVE;
				GCC_WARN_UNUSED_FUNCTION = YES;
				GCC_WARN_UNUSED_VARIABLE = YES;
				IPHONEOS_DEPLOYMENT_TARGET = 13.4;
				LD_RUNPATH_SEARCH_PATHS = (
					/usr/lib/swift,
					"$(inherited)",
				);
				LIBRARY_SEARCH_PATHS = (
					"\"$(SDKROOT)/usr/lib/swift\"",
					"\"$(TOOLCHAIN_DIR)/usr/lib/swift/$(PLATFORM_NAME)\"",
					"\"$(inherited)\"",
				);
				MTL_ENABLE_DEBUG_INFO = YES;
				ONLY_ACTIVE_ARCH = YES;
				OTHER_CPLUSPLUSFLAGS = (
					"$(OTHER_CFLAGS)",
					"-DFOLLY_NO_CONFIG",
					"-DFOLLY_MOBILE=1",
					"-DFOLLY_USE_LIBCPP=1",
					"-DFOLLY_CFG_NO_COROUTINES=1",
					"-DFOLLY_HAVE_CLOCK_GETTIME=1",
				);
				SDKROOT = iphoneos;
			};
			name = Debug;
		};
		83CBBA211A601CBA00E9B192 /* Release */ = {
			isa = XCBuildConfiguration;
			buildSettings = {
				ALWAYS_SEARCH_USER_PATHS = NO;
				CLANG_ANALYZER_LOCALIZABILITY_NONLOCALIZED = YES;
				CLANG_CXX_LANGUAGE_STANDARD = "c++20";
				CLANG_CXX_LIBRARY = "libc++";
				CLANG_ENABLE_MODULES = YES;
				CLANG_ENABLE_OBJC_ARC = YES;
				CLANG_WARN_BLOCK_CAPTURE_AUTORELEASING = YES;
				CLANG_WARN_BOOL_CONVERSION = YES;
				CLANG_WARN_COMMA = YES;
				CLANG_WARN_CONSTANT_CONVERSION = YES;
				CLANG_WARN_DEPRECATED_OBJC_IMPLEMENTATIONS = YES;
				CLANG_WARN_DIRECT_OBJC_ISA_USAGE = YES_ERROR;
				CLANG_WARN_EMPTY_BODY = YES;
				CLANG_WARN_ENUM_CONVERSION = YES;
				CLANG_WARN_INFINITE_RECURSION = YES;
				CLANG_WARN_INT_CONVERSION = YES;
				CLANG_WARN_NON_LITERAL_NULL_CONVERSION = YES;
				CLANG_WARN_OBJC_IMPLICIT_RETAIN_SELF = YES;
				CLANG_WARN_OBJC_LITERAL_CONVERSION = YES;
				CLANG_WARN_OBJC_ROOT_CLASS = YES_ERROR;
				CLANG_WARN_QUOTED_INCLUDE_IN_FRAMEWORK_HEADER = YES;
				CLANG_WARN_RANGE_LOOP_ANALYSIS = YES;
				CLANG_WARN_STRICT_PROTOTYPES = YES;
				CLANG_WARN_SUSPICIOUS_MOVE = YES;
				CLANG_WARN_UNREACHABLE_CODE = YES;
				CLANG_WARN__DUPLICATE_METHOD_MATCH = YES;
				"CODE_SIGN_IDENTITY[sdk=iphoneos*]" = "iPhone Developer";
				COPY_PHASE_STRIP = YES;
				ENABLE_NS_ASSERTIONS = NO;
				ENABLE_STRICT_OBJC_MSGSEND = YES;
				"EXCLUDED_ARCHS[sdk=iphonesimulator*]" = "";
				GCC_C_LANGUAGE_STANDARD = gnu99;
				GCC_NO_COMMON_BLOCKS = YES;
				GCC_WARN_64_TO_32_BIT_CONVERSION = YES;
				GCC_WARN_ABOUT_RETURN_TYPE = YES_ERROR;
				GCC_WARN_UNDECLARED_SELECTOR = YES;
				GCC_WARN_UNINITIALIZED_AUTOS = YES_AGGRESSIVE;
				GCC_WARN_UNUSED_FUNCTION = YES;
				GCC_WARN_UNUSED_VARIABLE = YES;
				IPHONEOS_DEPLOYMENT_TARGET = 13.4;
				LD_RUNPATH_SEARCH_PATHS = (
					/usr/lib/swift,
					"$(inherited)",
				);
				LIBRARY_SEARCH_PATHS = (
					"\"$(SDKROOT)/usr/lib/swift\"",
					"\"$(TOOLCHAIN_DIR)/usr/lib/swift/$(PLATFORM_NAME)\"",
					"\"$(inherited)\"",
				);
				MTL_ENABLE_DEBUG_INFO = NO;
				OTHER_CPLUSPLUSFLAGS = (
					"$(OTHER_CFLAGS)",
					"-DFOLLY_NO_CONFIG",
					"-DFOLLY_MOBILE=1",
					"-DFOLLY_USE_LIBCPP=1",
					"-DFOLLY_CFG_NO_COROUTINES=1",
					"-DFOLLY_HAVE_CLOCK_GETTIME=1",
				);
				SDKROOT = iphoneos;
				VALIDATE_PRODUCT = YES;
			};
			name = Release;
		};
/* End XCBuildConfiguration section */

/* Begin XCConfigurationList section */
		00E357021AD99517003FC87E /* Build configuration list for PBXNativeTarget "NativeStartTests" */ = {
			isa = XCConfigurationList;
			buildConfigurations = (
				00E356F61AD99517003FC87E /* Debug */,
				00E356F71AD99517003FC87E /* Release */,
			);
			defaultConfigurationIsVisible = 0;
			defaultConfigurationName = Release;
		};
		13B07F931A680F5B00A75B9A /* Build configuration list for PBXNativeTarget "NativeStart" */ = {
			isa = XCConfigurationList;
			buildConfigurations = (
				13B07F941A680F5B00A75B9A /* Debug */,
				13B07F951A680F5B00A75B9A /* Release */,
			);
			defaultConfigurationIsVisible = 0;
			defaultConfigurationName = Release;
		};
		83CBB9FA1A601CBA00E9B192 /* Build configuration list for PBXProject "NativeStart" */ = {
			isa = XCConfigurationList;
			buildConfigurations = (
				83CBBA201A601CBA00E9B192 /* Debug */,
				83CBBA211A601CBA00E9B192 /* Release */,
			);
			defaultConfigurationIsVisible = 0;
			defaultConfigurationName = Release;
		};
/* End XCConfigurationList section */
	};
	rootObject = 83CBB9F71A601CBA00E9B192 /* Project object */;
}
